
Microsoft Visual Studio Solution File, Format Version 12.00
# Visual Studio Version 17
VisualStudioVersion = 17.0.31903.59
MinimumVisualStudioVersion = 10.0.40219.1
Project("{FAE04EC0-301F-11D3-BF4B-00C04F79EFBC}") = "Shared", "..\SharedLibrary\src\Shared\Shared.csproj", "{3A2616C5-2007-4A03-A207-F3B9F4FC225A}"
EndProject
Project("{2150E333-8FDC-42A3-9474-1A3956D46DE8}") = "src", "src", "{5F344D72-350C-44E8-B54A-BC65754EBDE8}"
EndProject
Project("{FAE04EC0-301F-11D3-BF4B-00C04F79EFBC}") = "Smdb.Core", "src\Smdb.Core\Smdb.Core.csproj", "{C806D56B-D742-4B13-9615-115459F0FA6A}"
EndProject
Project("{2150E333-8FDC-42A3-9474-1A3956D46DE8}") = "tests", "tests", "{14A1EA18-12A2-47A7-8107-5F7FFBE2DEA0}"
EndProject
Project("{FAE04EC0-301F-11D3-BF4B-00C04F79EFBC}") = "Smdb.Core.Test", "tests\Smdb.Core.Test\Smdb.Core.Test.csproj", "{A92DC405-F7F0-4B9E-A886-660B35C7B08F}"
EndProject
Project("{FAE04EC0-301F-11D3-BF4B-00C04F79EFBC}") = "Smdb.Api", "src\Smdb.Api\Smdb.Api.csproj", "{9E018E69-4E75-4457-8708-50414B5AA825}"
EndProject
Project("{FAE04EC0-301F-11D3-BF4B-00C04F79EFBC}") = "Smdb.Api.Test", "tests\Smdb.Api.Test\Smdb.Api.Test.csproj", "{1ACD19FE-6B3B-4AB7-AEDC-90D21BFB5D6C}"
EndProject
Global
	GlobalSection(SolutionConfigurationPlatforms) = preSolution
		Debug|Any CPU = Debug|Any CPU
		Release|Any CPU = Release|Any CPU
	EndGlobalSection
	GlobalSection(SolutionProperties) = preSolution
		HideSolutionNode = FALSE
	EndGlobalSection
	GlobalSection(ProjectConfigurationPlatforms) = postSolution
		{3A2616C5-2007-4A03-A207-F3B9F4FC225A}.Debug|Any CPU.ActiveCfg = Debug|Any CPU
		{3A2616C5-2007-4A03-A207-F3B9F4FC225A}.Debug|Any CPU.Build.0 = Debug|Any CPU
		{3A2616C5-2007-4A03-A207-F3B9F4FC225A}.Release|Any CPU.ActiveCfg = Release|Any CPU
		{3A2616C5-2007-4A03-A207-F3B9F4FC225A}.Release|Any CPU.Build.0 = Release|Any CPU
		{C806D56B-D742-4B13-9615-115459F0FA6A}.Debug|Any CPU.ActiveCfg = Debug|Any CPU
		{C806D56B-D742-4B13-9615-115459F0FA6A}.Debug|Any CPU.Build.0 = Debug|Any CPU
		{C806D56B-D742-4B13-9615-115459F0FA6A}.Release|Any CPU.ActiveCfg = Release|Any CPU
		{C806D56B-D742-4B13-9615-115459F0FA6A}.Release|Any CPU.Build.0 = Release|Any CPU
		{A92DC405-F7F0-4B9E-A886-660B35C7B08F}.Debug|Any CPU.ActiveCfg = Debug|Any CPU
		{A92DC405-F7F0-4B9E-A886-660B35C7B08F}.Debug|Any CPU.Build.0 = Debug|Any CPU
		{A92DC405-F7F0-4B9E-A886-660B35C7B08F}.Release|Any CPU.ActiveCfg = Release|Any CPU
		{A92DC405-F7F0-4B9E-A886-660B35C7B08F}.Release|Any CPU.Build.0 = Release|Any CPU
		{9E018E69-4E75-4457-8708-50414B5AA825}.Debug|Any CPU.ActiveCfg = Debug|Any CPU
		{9E018E69-4E75-4457-8708-50414B5AA825}.Debug|Any CPU.Build.0 = Debug|Any CPU
		{9E018E69-4E75-4457-8708-50414B5AA825}.Release|Any CPU.ActiveCfg = Release|Any CPU
		{9E018E69-4E75-4457-8708-50414B5AA825}.Release|Any CPU.Build.0 = Release|Any CPU
		{1ACD19FE-6B3B-4AB7-AEDC-90D21BFB5D6C}.Debug|Any CPU.ActiveCfg = Debug|Any CPU
		{1ACD19FE-6B3B-4AB7-AEDC-90D21BFB5D6C}.Debug|Any CPU.Build.0 = Debug|Any CPU
		{1ACD19FE-6B3B-4AB7-AEDC-90D21BFB5D6C}.Release|Any CPU.ActiveCfg = Release|Any CPU
		{1ACD19FE-6B3B-4AB7-AEDC-90D21BFB5D6C}.Release|Any CPU.Build.0 = Release|Any CPU
	EndGlobalSection
	GlobalSection(NestedProjects) = preSolution
		{C806D56B-D742-4B13-9615-115459F0FA6A} = {5F344D72-350C-44E8-B54A-BC65754EBDE8}
		{A92DC405-F7F0-4B9E-A886-660B35C7B08F} = {14A1EA18-12A2-47A7-8107-5F7FFBE2DEA0}
		{9E018E69-4E75-4457-8708-50414B5AA825} = {5F344D72-350C-44E8-B54A-BC65754EBDE8}
		{1ACD19FE-6B3B-4AB7-AEDC-90D21BFB5D6C} = {14A1EA18-12A2-47A7-8107-5F7FFBE2DEA0}
	EndGlobalSection
EndGlobal
